
Microsoft Visual Studio Solution File, Format Version 12.00
# Visual Studio Version 16
VisualStudioVersion = 16.0.29306.81
MinimumVisualStudioVersion = 10.0.40219.1
Project("{FAE04EC0-301F-11D3-BF4B-00C04F79EFBC}") = "XplatCollect.Android", "XplatCollect.Android\XplatCollect.Android.csproj", "{EB4E6D73-00E9-4236-8FE1-34014C3D977D}"
EndProject
Project("{FAE04EC0-301F-11D3-BF4B-00C04F79EFBC}") = "XplatCollect.iOS", "XplatCollect.iOS\XplatCollect.iOS.csproj", "{3CF83A26-95D9-4A1B-87C1-186DE779FE5C}"
EndProject
Project("{FAE04EC0-301F-11D3-BF4B-00C04F79EFBC}") = "XplatCollect", "XplatCollect\XplatCollect.csproj", "{B821BB1F-0B45-4EAE-9417-1F04BCC90D7A}"
EndProject
Global
	GlobalSection(SolutionConfigurationPlatforms) = preSolution
		Debug|Any CPU = Debug|Any CPU
		Debug|iPhone = Debug|iPhone
		Debug|iPhoneSimulator = Debug|iPhoneSimulator
		Release|Any CPU = Release|Any CPU
		Release|iPhone = Release|iPhone
		Release|iPhoneSimulator = Release|iPhoneSimulator
	EndGlobalSection
	GlobalSection(ProjectConfigurationPlatforms) = postSolution
		{EB4E6D73-00E9-4236-8FE1-34014C3D977D}.Debug|Any CPU.ActiveCfg = Debug|Any CPU
		{EB4E6D73-00E9-4236-8FE1-34014C3D977D}.Debug|Any CPU.Build.0 = Debug|Any CPU
		{EB4E6D73-00E9-4236-8FE1-34014C3D977D}.Debug|Any CPU.Deploy.0 = Debug|Any CPU
		{EB4E6D73-00E9-4236-8FE1-34014C3D977D}.Debug|iPhone.ActiveCfg = Debug|Any CPU
		{EB4E6D73-00E9-4236-8FE1-34014C3D977D}.Debug|iPhone.Build.0 = Debug|Any CPU
		{EB4E6D73-00E9-4236-8FE1-34014C3D977D}.Debug|iPhone.Deploy.0 = Debug|Any CPU
		{EB4E6D73-00E9-4236-8FE1-34014C3D977D}.Debug|iPhoneSimulator.ActiveCfg = Debug|Any CPU
		{EB4E6D73-00E9-4236-8FE1-34014C3D977D}.Debug|iPhoneSimulator.Build.0 = Debug|Any CPU
		{EB4E6D73-00E9-4236-8FE1-34014C3D977D}.Debug|iPhoneSimulator.Deploy.0 = Debug|Any CPU
		{EB4E6D73-00E9-4236-8FE1-34014C3D977D}.Release|Any CPU.ActiveCfg = Release|Any CPU
		{EB4E6D73-00E9-4236-8FE1-34014C3D977D}.Release|Any CPU.Build.0 = Release|Any CPU
		{EB4E6D73-00E9-4236-8FE1-34014C3D977D}.Release|Any CPU.Deploy.0 = Release|Any CPU
		{EB4E6D73-00E9-4236-8FE1-34014C3D977D}.Release|iPhone.ActiveCfg = Release|Any CPU
		{EB4E6D73-00E9-4236-8FE1-34014C3D977D}.Release|iPhone.Build.0 = Release|Any CPU
		{EB4E6D73-00E9-4236-8FE1-34014C3D977D}.Release|iPhone.Deploy.0 = Release|Any CPU
		{EB4E6D73-00E9-4236-8FE1-34014C3D977D}.Release|iPhoneSimulator.ActiveCfg = Release|Any CPU
		{EB4E6D73-00E9-4236-8FE1-34014C3D977D}.Release|iPhoneSimulator.Build.0 = Release|Any CPU
		{EB4E6D73-00E9-4236-8FE1-34014C3D977D}.Release|iPhoneSimulator.Deploy.0 = Release|Any CPU
		{3CF83A26-95D9-4A1B-87C1-186DE779FE5C}.Debug|Any CPU.ActiveCfg = Debug|iPhoneSimulator
		{3CF83A26-95D9-4A1B-87C1-186DE779FE5C}.Debug|Any CPU.Build.0 = Debug|iPhoneSimulator
		{3CF83A26-95D9-4A1B-87C1-186DE779FE5C}.Debug|Any CPU.Deploy.0 = Debug|iPhoneSimulator
		{3CF83A26-95D9-4A1B-87C1-186DE779FE5C}.Debug|iPhone.ActiveCfg = Debug|iPhone
		{3CF83A26-95D9-4A1B-87C1-186DE779FE5C}.Debug|iPhone.Build.0 = Debug|iPhone
		{3CF83A26-95D9-4A1B-87C1-186DE779FE5C}.Debug|iPhone.Deploy.0 = Debug|iPhone
		{3CF83A26-95D9-4A1B-87C1-186DE779FE5C}.Debug|iPhoneSimulator.ActiveCfg = Debug|iPhoneSimulator
		{3CF83A26-95D9-4A1B-87C1-186DE779FE5C}.Debug|iPhoneSimulator.Build.0 = Debug|iPhoneSimulator
		{3CF83A26-95D9-4A1B-87C1-186DE779FE5C}.Debug|iPhoneSimulator.Deploy.0 = Debug|iPhoneSimulator
		{3CF83A26-95D9-4A1B-87C1-186DE779FE5C}.Release|Any CPU.ActiveCfg = Release|iPhone
		{3CF83A26-95D9-4A1B-87C1-186DE779FE5C}.Release|Any CPU.Build.0 = Release|iPhone
		{3CF83A26-95D9-4A1B-87C1-186DE779FE5C}.Release|Any CPU.Deploy.0 = Release|iPhone
		{3CF83A26-95D9-4A1B-87C1-186DE779FE5C}.Release|iPhone.ActiveCfg = Release|iPhone
		{3CF83A26-95D9-4A1B-87C1-186DE779FE5C}.Release|iPhone.Build.0 = Release|iPhone
		{3CF83A26-95D9-4A1B-87C1-186DE779FE5C}.Release|iPhone.Deploy.0 = Release|iPhone
		{3CF83A26-95D9-4A1B-87C1-186DE779FE5C}.Release|iPhoneSimulator.ActiveCfg = Release|iPhoneSimulator
		{3CF83A26-95D9-4A1B-87C1-186DE779FE5C}.Release|iPhoneSimulator.Build.0 = Release|iPhoneSimulator
		{3CF83A26-95D9-4A1B-87C1-186DE779FE5C}.Release|iPhoneSimulator.Deploy.0 = Release|iPhoneSimulator
		{B821BB1F-0B45-4EAE-9417-1F04BCC90D7A}.Debug|Any CPU.ActiveCfg = Debug|Any CPU
		{B821BB1F-0B45-4EAE-9417-1F04BCC90D7A}.Debug|Any CPU.Build.0 = Debug|Any CPU
		{B821BB1F-0B45-4EAE-9417-1F04BCC90D7A}.Debug|Any CPU.Deploy.0 = Debug|Any CPU
		{B821BB1F-0B45-4EAE-9417-1F04BCC90D7A}.Debug|iPhone.ActiveCfg = Debug|Any CPU
		{B821BB1F-0B45-4EAE-9417-1F04BCC90D7A}.Debug|iPhone.Build.0 = Debug|Any CPU
		{B821BB1F-0B45-4EAE-9417-1F04BCC90D7A}.Debug|iPhone.Deploy.0 = Debug|Any CPU
		{B821BB1F-0B45-4EAE-9417-1F04BCC90D7A}.Debug|iPhoneSimulator.ActiveCfg = Debug|Any CPU
		{B821BB1F-0B45-4EAE-9417-1F04BCC90D7A}.Debug|iPhoneSimulator.Build.0 = Debug|Any CPU
		{B821BB1F-0B45-4EAE-9417-1F04BCC90D7A}.Debug|iPhoneSimulator.Deploy.0 = Debug|Any CPU
		{B821BB1F-0B45-4EAE-9417-1F04BCC90D7A}.Release|Any CPU.ActiveCfg = Release|Any CPU
		{B821BB1F-0B45-4EAE-9417-1F04BCC90D7A}.Release|Any CPU.Build.0 = Release|Any CPU
		{B821BB1F-0B45-4EAE-9417-1F04BCC90D7A}.Release|Any CPU.Deploy.0 = Release|Any CPU
		{B821BB1F-0B45-4EAE-9417-1F04BCC90D7A}.Release|iPhone.ActiveCfg = Release|Any CPU
		{B821BB1F-0B45-4EAE-9417-1F04BCC90D7A}.Release|iPhone.Build.0 = Release|Any CPU
		{B821BB1F-0B45-4EAE-9417-1F04BCC90D7A}.Release|iPhone.Deploy.0 = Release|Any CPU
		{B821BB1F-0B45-4EAE-9417-1F04BCC90D7A}.Release|iPhoneSimulator.ActiveCfg = Release|Any CPU
		{B821BB1F-0B45-4EAE-9417-1F04BCC90D7A}.Release|iPhoneSimulator.Build.0 = Release|Any CPU
		{B821BB1F-0B45-4EAE-9417-1F04BCC90D7A}.Release|iPhoneSimulator.Deploy.0 = Release|Any CPU
	EndGlobalSection
	GlobalSection(SolutionProperties) = preSolution
		HideSolutionNode = FALSE
	EndGlobalSection
	GlobalSection(ExtensibilityGlobals) = postSolution
		SolutionGuid = {4198BE7E-6369-4337-9D13-A48CEFB0B628}
	EndGlobalSection
EndGlobal
